
Microsoft Visual Studio Solution File, Format Version 12.00
# Visual Studio Version 17
VisualStudioVersion = 17.9.34723.18
MinimumVisualStudioVersion = 10.0.40219.1
Project("{FAE04EC0-301F-11D3-BF4B-00C04F79EFBC}") = "IrisProblems", "IrisProblems\IrisProblems.csproj", "{87CC63F3-0330-4BB2-AFDB-608205C70223}"
EndProject
Project("{FAE04EC0-301F-11D3-BF4B-00C04F79EFBC}") = "IrisProblems.Tests", "IrisProblems.Tests\IrisProblems.Tests.csproj", "{742DD42B-4E1B-4DD1-9C3A-BF4D6B502091}"
EndProject
Global
	GlobalSection(SolutionConfigurationPlatforms) = preSolution
		Debug|Any CPU = Debug|Any CPU
		Release|Any CPU = Release|Any CPU
	EndGlobalSection
	GlobalSection(ProjectConfigurationPlatforms) = postSolution
		{87CC63F3-0330-4BB2-AFDB-608205C70223}.Debug|Any CPU.ActiveCfg = Debug|Any CPU
		{87CC63F3-0330-4BB2-AFDB-608205C70223}.Debug|Any CPU.Build.0 = Debug|Any CPU
		{87CC63F3-0330-4BB2-AFDB-608205C70223}.Release|Any CPU.ActiveCfg = Release|Any CPU
		{87CC63F3-0330-4BB2-AFDB-608205C70223}.Release|Any CPU.Build.0 = Release|Any CPU
		{742DD42B-4E1B-4DD1-9C3A-BF4D6B502091}.Debug|Any CPU.ActiveCfg = Debug|Any CPU
		{742DD42B-4E1B-4DD1-9C3A-BF4D6B502091}.Debug|Any CPU.Build.0 = Debug|Any CPU
		{742DD42B-4E1B-4DD1-9C3A-BF4D6B502091}.Release|Any CPU.ActiveCfg = Release|Any CPU
		{742DD42B-4E1B-4DD1-9C3A-BF4D6B502091}.Release|Any CPU.Build.0 = Release|Any CPU
	EndGlobalSection
	GlobalSection(SolutionProperties) = preSolution
		HideSolutionNode = FALSE
	EndGlobalSection
	GlobalSection(ExtensibilityGlobals) = postSolution
		SolutionGuid = {4EA21717-85A1-4E37-9275-E5329E775A02}
	EndGlobalSection
EndGlobal
